// !$*UTF8*$!
{
	archiveVersion = 1;
	classes = {
	};
	objectVersion = 56;
	objects = {

/* Begin PBXBuildFile section */
		2F5843B52911908D00A9F76F /* ControlModePickerView.swift in Sources */ = {isa = PBXBuildFile; fileRef = 2F5843B42911908D00A9F76F /* ControlModePickerView.swift */; };
		2F5843B72911AA0D00A9F76F /* ScenePersistenceHelper.swift in Sources */ = {isa = PBXBuildFile; fileRef = 2F5843B62911AA0D00A9F76F /* ScenePersistenceHelper.swift */; };
		2F5843B92911E50500A9F76F /* ModelDeletionManager.swift in Sources */ = {isa = PBXBuildFile; fileRef = 2F5843B82911E50500A9F76F /* ModelDeletionManager.swift */; };
		2F5843BB2911E90C00A9F76F /* DeletionView.swift in Sources */ = {isa = PBXBuildFile; fileRef = 2F5843BA2911E90C00A9F76F /* DeletionView.swift */; };
		2F7D606B29066A90003A22EF /* FirebaseAuth in Frameworks */ = {isa = PBXBuildFile; productRef = 2F7D606A29066A90003A22EF /* FirebaseAuth */; };
		2F7D606D29066A90003A22EF /* FirebaseFirestore in Frameworks */ = {isa = PBXBuildFile; productRef = 2F7D606C29066A90003A22EF /* FirebaseFirestore */; };
		2F7D606F29066A90003A22EF /* FirebaseFirestoreSwift in Frameworks */ = {isa = PBXBuildFile; productRef = 2F7D606E29066A90003A22EF /* FirebaseFirestoreSwift */; };
		2F7D607129066A90003A22EF /* FirebaseStorage in Frameworks */ = {isa = PBXBuildFile; productRef = 2F7D607029066A90003A22EF /* FirebaseStorage */; };
		2F7D607329066BFD003A22EF /* GoogleService-Info.plist in Resources */ = {isa = PBXBuildFile; fileRef = 2F7D607229066BFC003A22EF /* GoogleService-Info.plist */; };
		2F7D607529066DD4003A22EF /* ModelManager.swift in Sources */ = {isa = PBXBuildFile; fileRef = 2F7D607429066DD4003A22EF /* ModelManager.swift */; };
		2F7D60FC2907D7BA003A22EF /* FirebaseStorageHelper.swift in Sources */ = {isa = PBXBuildFile; fileRef = 2F7D60FB2907D7BA003A22EF /* FirebaseStorageHelper.swift */; };
		2F7D60FE2907D917003A22EF /* ModelCategory.swift in Sources */ = {isa = PBXBuildFile; fileRef = 2F7D60FD2907D917003A22EF /* ModelCategory.swift */; };
		2F9132D32904F31A00C45B4A /* ARGalleryApp.swift in Sources */ = {isa = PBXBuildFile; fileRef = 2F9132D22904F31A00C45B4A /* ARGalleryApp.swift */; };
		2F9132D52904F31A00C45B4A /* ContentView.swift in Sources */ = {isa = PBXBuildFile; fileRef = 2F9132D42904F31A00C45B4A /* ContentView.swift */; };
		2F9132D72904F31A00C45B4A /* Assets.xcassets in Resources */ = {isa = PBXBuildFile; fileRef = 2F9132D62904F31A00C45B4A /* Assets.xcassets */; };
		2F9132DA2904F31A00C45B4A /* Preview Assets.xcassets in Resources */ = {isa = PBXBuildFile; fileRef = 2F9132D92904F31A00C45B4A /* Preview Assets.xcassets */; };
		2F9132E12904F32900C45B4A /* ARViewContainer.swift in Sources */ = {isa = PBXBuildFile; fileRef = 2F9132E02904F32900C45B4A /* ARViewContainer.swift */; };
		2F9133032904FD8C00C45B4A /* ControlButtonBarView.swift in Sources */ = {isa = PBXBuildFile; fileRef = 2F9133022904FD8C00C45B4A /* ControlButtonBarView.swift */; };
		2F9133052905005900C45B4A /* ControlButtonBarVisibilityToggleView.swift in Sources */ = {isa = PBXBuildFile; fileRef = 2F9133042905005900C45B4A /* ControlButtonBarVisibilityToggleView.swift */; };
		2F9133072905010500C45B4A /* ControlView.swift in Sources */ = {isa = PBXBuildFile; fileRef = 2F9133062905010500C45B4A /* ControlView.swift */; };
		2F9133092905016900C45B4A /* CustomButtonView.swift in Sources */ = {isa = PBXBuildFile; fileRef = 2F9133082905016900C45B4A /* CustomButtonView.swift */; };
		2F91330B2905152100C45B4A /* BrowseSheet.swift in Sources */ = {isa = PBXBuildFile; fileRef = 2F91330A2905152100C45B4A /* BrowseSheet.swift */; };
		2F91330D29051F6C00C45B4A /* Model.swift in Sources */ = {isa = PBXBuildFile; fileRef = 2F91330C29051F6C00C45B4A /* Model.swift */; };
		2F91330F2905510500C45B4A /* ModelsByCategoryGridView.swift in Sources */ = {isa = PBXBuildFile; fileRef = 2F91330E2905510500C45B4A /* ModelsByCategoryGridView.swift */; };
		2F9133152905543000C45B4A /* SeparatorView.swift in Sources */ = {isa = PBXBuildFile; fileRef = 2F9133142905543000C45B4A /* SeparatorView.swift */; };
		2F9133192905546000C45B4A /* HorizontalGridView.swift in Sources */ = {isa = PBXBuildFile; fileRef = 2F9133182905546000C45B4A /* HorizontalGridView.swift */; };
		2F91331B29062BD400C45B4A /* PlacementSettings.swift in Sources */ = {isa = PBXBuildFile; fileRef = 2F91331A29062BD400C45B4A /* PlacementSettings.swift */; };
		2F91331D2906307200C45B4A /* PlacementView.swift in Sources */ = {isa = PBXBuildFile; fileRef = 2F91331C2906307200C45B4A /* PlacementView.swift */; };
		2F913320290632CA00C45B4A /* FocusEntity in Frameworks */ = {isa = PBXBuildFile; productRef = 2F91331F290632CA00C45B4A /* FocusEntity */; };
		2F9133222906332900C45B4A /* CustomARView.swift in Sources */ = {isa = PBXBuildFile; fileRef = 2F9133212906332900C45B4A /* CustomARView.swift */; };
		2F91332429064DCA00C45B4A /* MostRecentlyPlacedButtonView.swift in Sources */ = {isa = PBXBuildFile; fileRef = 2F91332329064DCA00C45B4A /* MostRecentlyPlacedButtonView.swift */; };
		2F91332629064EA400C45B4A /* View+Extensions.swift in Sources */ = {isa = PBXBuildFile; fileRef = 2F91332529064EA400C45B4A /* View+Extensions.swift */; };
		2F91332C290653B600C45B4A /* PlacementButtonView.swift in Sources */ = {isa = PBXBuildFile; fileRef = 2F91332B290653B600C45B4A /* PlacementButtonView.swift */; };
		2F91332E2906541D00C45B4A /* RecentsGridView.swift in Sources */ = {isa = PBXBuildFile; fileRef = 2F91332D2906541D00C45B4A /* RecentsGridView.swift */; };
		2F9133302906544E00C45B4A /* ModelButtonView.swift in Sources */ = {isa = PBXBuildFile; fileRef = 2F91332F2906544E00C45B4A /* ModelButtonView.swift */; };
		2F9133322906549000C45B4A /* SessionSettings.swift in Sources */ = {isa = PBXBuildFile; fileRef = 2F9133312906549000C45B4A /* SessionSettings.swift */; };
		2F9133352906552100C45B4A /* SettingsSheet.swift in Sources */ = {isa = PBXBuildFile; fileRef = 2F9133342906552100C45B4A /* SettingsSheet.swift */; };
		2F913337290655C400C45B4A /* SettingToggleButtonView.swift in Sources */ = {isa = PBXBuildFile; fileRef = 2F913336290655C400C45B4A /* SettingToggleButtonView.swift */; };
		2F91333929065AC100C45B4A /* SettingsGridView.swift in Sources */ = {isa = PBXBuildFile; fileRef = 2F91333829065AC100C45B4A /* SettingsGridView.swift */; };
		2F91333D29065B9300C45B4A /* Setting.swift in Sources */ = {isa = PBXBuildFile; fileRef = 2F91333C29065B9300C45B4A /* Setting.swift */; };
/* End PBXBuildFile section */

/* Begin PBXFileReference section */
		2F5843B42911908D00A9F76F /* ControlModePickerView.swift */ = {isa = PBXFileReference; lastKnownFileType = sourcecode.swift; path = ControlModePickerView.swift; sourceTree = "<group>"; };
		2F5843B62911AA0D00A9F76F /* ScenePersistenceHelper.swift */ = {isa = PBXFileReference; lastKnownFileType = sourcecode.swift; path = ScenePersistenceHelper.swift; sourceTree = "<group>"; };
		2F5843B82911E50500A9F76F /* ModelDeletionManager.swift */ = {isa = PBXFileReference; lastKnownFileType = sourcecode.swift; path = ModelDeletionManager.swift; sourceTree = "<group>"; };
		2F5843BA2911E90C00A9F76F /* DeletionView.swift */ = {isa = PBXFileReference; lastKnownFileType = sourcecode.swift; path = DeletionView.swift; sourceTree = "<group>"; };
		2F7D607229066BFC003A22EF /* GoogleService-Info.plist */ = {isa = PBXFileReference; fileEncoding = 4; lastKnownFileType = text.plist.xml; path = "GoogleService-Info.plist"; sourceTree = "<group>"; };
		2F7D607429066DD4003A22EF /* ModelManager.swift */ = {isa = PBXFileReference; lastKnownFileType = sourcecode.swift; path = ModelManager.swift; sourceTree = "<group>"; };
		2F7D60FB2907D7BA003A22EF /* FirebaseStorageHelper.swift */ = {isa = PBXFileReference; lastKnownFileType = sourcecode.swift; path = FirebaseStorageHelper.swift; sourceTree = "<group>"; };
		2F7D60FD2907D917003A22EF /* ModelCategory.swift */ = {isa = PBXFileReference; lastKnownFileType = sourcecode.swift; path = ModelCategory.swift; sourceTree = "<group>"; };
		2F9132CF2904F31900C45B4A /* ARGallery.app */ = {isa = PBXFileReference; explicitFileType = wrapper.application; includeInIndex = 0; path = ARGallery.app; sourceTree = BUILT_PRODUCTS_DIR; };
		2F9132D22904F31A00C45B4A /* ARGalleryApp.swift */ = {isa = PBXFileReference; lastKnownFileType = sourcecode.swift; path = ARGalleryApp.swift; sourceTree = "<group>"; };
		2F9132D42904F31A00C45B4A /* ContentView.swift */ = {isa = PBXFileReference; lastKnownFileType = sourcecode.swift; path = ContentView.swift; sourceTree = "<group>"; };
		2F9132D62904F31A00C45B4A /* Assets.xcassets */ = {isa = PBXFileReference; lastKnownFileType = folder.assetcatalog; path = Assets.xcassets; sourceTree = "<group>"; };
		2F9132D92904F31A00C45B4A /* Preview Assets.xcassets */ = {isa = PBXFileReference; lastKnownFileType = folder.assetcatalog; path = "Preview Assets.xcassets"; sourceTree = "<group>"; };
		2F9132E02904F32900C45B4A /* ARViewContainer.swift */ = {isa = PBXFileReference; fileEncoding = 4; lastKnownFileType = sourcecode.swift; path = ARViewContainer.swift; sourceTree = "<group>"; };
		2F9133022904FD8C00C45B4A /* ControlButtonBarView.swift */ = {isa = PBXFileReference; lastKnownFileType = sourcecode.swift; path = ControlButtonBarView.swift; sourceTree = "<group>"; };
		2F9133042905005900C45B4A /* ControlButtonBarVisibilityToggleView.swift */ = {isa = PBXFileReference; lastKnownFileType = sourcecode.swift; path = ControlButtonBarVisibilityToggleView.swift; sourceTree = "<group>"; };
		2F9133062905010500C45B4A /* ControlView.swift */ = {isa = PBXFileReference; lastKnownFileType = sourcecode.swift; path = ControlView.swift; sourceTree = "<group>"; };
		2F9133082905016900C45B4A /* CustomButtonView.swift */ = {isa = PBXFileReference; lastKnownFileType = sourcecode.swift; path = CustomButtonView.swift; sourceTree = "<group>"; };
		2F91330A2905152100C45B4A /* BrowseSheet.swift */ = {isa = PBXFileReference; lastKnownFileType = sourcecode.swift; path = BrowseSheet.swift; sourceTree = "<group>"; };
		2F91330C29051F6C00C45B4A /* Model.swift */ = {isa = PBXFileReference; lastKnownFileType = sourcecode.swift; path = Model.swift; sourceTree = "<group>"; };
		2F91330E2905510500C45B4A /* ModelsByCategoryGridView.swift */ = {isa = PBXFileReference; lastKnownFileType = sourcecode.swift; path = ModelsByCategoryGridView.swift; sourceTree = "<group>"; };
		2F9133142905543000C45B4A /* SeparatorView.swift */ = {isa = PBXFileReference; lastKnownFileType = sourcecode.swift; path = SeparatorView.swift; sourceTree = "<group>"; };
		2F9133182905546000C45B4A /* HorizontalGridView.swift */ = {isa = PBXFileReference; lastKnownFileType = sourcecode.swift; path = HorizontalGridView.swift; sourceTree = "<group>"; };
		2F91331A29062BD400C45B4A /* PlacementSettings.swift */ = {isa = PBXFileReference; lastKnownFileType = sourcecode.swift; path = PlacementSettings.swift; sourceTree = "<group>"; };
		2F91331C2906307200C45B4A /* PlacementView.swift */ = {isa = PBXFileReference; lastKnownFileType = sourcecode.swift; path = PlacementView.swift; sourceTree = "<group>"; };
		2F9133212906332900C45B4A /* CustomARView.swift */ = {isa = PBXFileReference; lastKnownFileType = sourcecode.swift; path = CustomARView.swift; sourceTree = "<group>"; };
		2F91332329064DCA00C45B4A /* MostRecentlyPlacedButtonView.swift */ = {isa = PBXFileReference; lastKnownFileType = sourcecode.swift; path = MostRecentlyPlacedButtonView.swift; sourceTree = "<group>"; };
		2F91332529064EA400C45B4A /* View+Extensions.swift */ = {isa = PBXFileReference; lastKnownFileType = sourcecode.swift; path = "View+Extensions.swift"; sourceTree = "<group>"; };
		2F91332B290653B600C45B4A /* PlacementButtonView.swift */ = {isa = PBXFileReference; lastKnownFileType = sourcecode.swift; path = PlacementButtonView.swift; sourceTree = "<group>"; };
		2F91332D2906541D00C45B4A /* RecentsGridView.swift */ = {isa = PBXFileReference; lastKnownFileType = sourcecode.swift; path = RecentsGridView.swift; sourceTree = "<group>"; };
		2F91332F2906544E00C45B4A /* ModelButtonView.swift */ = {isa = PBXFileReference; lastKnownFileType = sourcecode.swift; path = ModelButtonView.swift; sourceTree = "<group>"; };
		2F9133312906549000C45B4A /* SessionSettings.swift */ = {isa = PBXFileReference; lastKnownFileType = sourcecode.swift; path = SessionSettings.swift; sourceTree = "<group>"; };
		2F9133342906552100C45B4A /* SettingsSheet.swift */ = {isa = PBXFileReference; lastKnownFileType = sourcecode.swift; path = SettingsSheet.swift; sourceTree = "<group>"; };
		2F913336290655C400C45B4A /* SettingToggleButtonView.swift */ = {isa = PBXFileReference; lastKnownFileType = sourcecode.swift; path = SettingToggleButtonView.swift; sourceTree = "<group>"; };
		2F91333829065AC100C45B4A /* SettingsGridView.swift */ = {isa = PBXFileReference; lastKnownFileType = sourcecode.swift; path = SettingsGridView.swift; sourceTree = "<group>"; };
		2F91333C29065B9300C45B4A /* Setting.swift */ = {isa = PBXFileReference; lastKnownFileType = sourcecode.swift; path = Setting.swift; sourceTree = "<group>"; };
/* End PBXFileReference section */

/* Begin PBXFrameworksBuildPhase section */
		2F9132CC2904F31900C45B4A /* Frameworks */ = {
			isa = PBXFrameworksBuildPhase;
			buildActionMask = 2147483647;
			files = (
				2F913320290632CA00C45B4A /* FocusEntity in Frameworks */,
				2F7D606B29066A90003A22EF /* FirebaseAuth in Frameworks */,
				2F7D606D29066A90003A22EF /* FirebaseFirestore in Frameworks */,
				2F7D607129066A90003A22EF /* FirebaseStorage in Frameworks */,
				2F7D606F29066A90003A22EF /* FirebaseFirestoreSwift in Frameworks */,
			);
			runOnlyForDeploymentPostprocessing = 0;
		};
/* End PBXFrameworksBuildPhase section */

/* Begin PBXGroup section */
		2F9132C62904F31900C45B4A = {
			isa = PBXGroup;
			children = (
				2F9132D12904F31900C45B4A /* ARGallery */,
				2F9132D02904F31900C45B4A /* Products */,
			);
			sourceTree = "<group>";
		};
		2F9132D02904F31900C45B4A /* Products */ = {
			isa = PBXGroup;
			children = (
				2F9132CF2904F31900C45B4A /* ARGallery.app */,
			);
			name = Products;
			sourceTree = "<group>";
		};
		2F9132D12904F31900C45B4A /* ARGallery */ = {
			isa = PBXGroup;
			children = (
				2F9132D22904F31A00C45B4A /* ARGalleryApp.swift */,
				2F9132D42904F31A00C45B4A /* ContentView.swift */,
				2F7D60FB2907D7BA003A22EF /* FirebaseStorageHelper.swift */,
				2F5843B62911AA0D00A9F76F /* ScenePersistenceHelper.swift */,
				2F9132D62904F31A00C45B4A /* Assets.xcassets */,
				2F7D607229066BFC003A22EF /* GoogleService-Info.plist */,
				2F9133272906537700C45B4A /* Extensions */,
				2F9133132905529D00C45B4A /* AR */,
				2F9133102905527A00C45B4A /* Data */,
				2F9133172905544300C45B4A /* Settings */,
				2F9133112905527D00C45B4A /* UI */,
				2F9132D82904F31A00C45B4A /* Preview Content */,
			);
			path = ARGallery;
			sourceTree = "<group>";
		};
		2F9132D82904F31A00C45B4A /* Preview Content */ = {
			isa = PBXGroup;
			children = (
				2F9132D92904F31A00C45B4A /* Preview Assets.xcassets */,
			);
			path = "Preview Content";
			sourceTree = "<group>";
		};
		2F9133102905527A00C45B4A /* Data */ = {
			isa = PBXGroup;
			children = (
				2F91330C29051F6C00C45B4A /* Model.swift */,
				2F7D60FD2907D917003A22EF /* ModelCategory.swift */,
				2F7D607429066DD4003A22EF /* ModelManager.swift */,
				2F91331A29062BD400C45B4A /* PlacementSettings.swift */,
				2F5843B82911E50500A9F76F /* ModelDeletionManager.swift */,
			);
			path = Data;
			sourceTree = "<group>";
		};
		2F9133112905527D00C45B4A /* UI */ = {
			isa = PBXGroup;
			children = (
				2F9133282906538800C45B4A /* Control */,
				2F9133292906539900C45B4A /* Browse */,
				2F91332A290653A200C45B4A /* Placement */,
				2F9133162905543400C45B4A /* Components */,
				2F5843BA2911E90C00A9F76F /* DeletionView.swift */,
			);
			path = UI;
			sourceTree = "<group>";
		};
		2F9133132905529D00C45B4A /* AR */ = {
			isa = PBXGroup;
			children = (
				2F9132E02904F32900C45B4A /* ARViewContainer.swift */,
				2F9133212906332900C45B4A /* CustomARView.swift */,
			);
			path = AR;
			sourceTree = "<group>";
		};
		2F9133162905543400C45B4A /* Components */ = {
			isa = PBXGroup;
			children = (
				2F9133082905016900C45B4A /* CustomButtonView.swift */,
				2F91332F2906544E00C45B4A /* ModelButtonView.swift */,
				2F9133142905543000C45B4A /* SeparatorView.swift */,
			);
			path = Components;
			sourceTree = "<group>";
		};
		2F9133172905544300C45B4A /* Settings */ = {
			isa = PBXGroup;
			children = (
				2F91333B29065B8000C45B4A /* Data */,
				2F91333A29065B7E00C45B4A /* UI */,
				2F9133342906552100C45B4A /* SettingsSheet.swift */,
				2F913336290655C400C45B4A /* SettingToggleButtonView.swift */,
				2F91333829065AC100C45B4A /* SettingsGridView.swift */,
			);
			path = Settings;
			sourceTree = "<group>";
		};
		2F9133272906537700C45B4A /* Extensions */ = {
			isa = PBXGroup;
			children = (
				2F91332529064EA400C45B4A /* View+Extensions.swift */,
			);
			path = Extensions;
			sourceTree = "<group>";
		};
		2F9133282906538800C45B4A /* Control */ = {
			isa = PBXGroup;
			children = (
				2F9133062905010500C45B4A /* ControlView.swift */,
				2F5843B42911908D00A9F76F /* ControlModePickerView.swift */,
				2F9133022904FD8C00C45B4A /* ControlButtonBarView.swift */,
				2F9133042905005900C45B4A /* ControlButtonBarVisibilityToggleView.swift */,
				2F91332329064DCA00C45B4A /* MostRecentlyPlacedButtonView.swift */,
			);
			path = Control;
			sourceTree = "<group>";
		};
		2F9133292906539900C45B4A /* Browse */ = {
			isa = PBXGroup;
			children = (
				2F91330A2905152100C45B4A /* BrowseSheet.swift */,
				2F91330E2905510500C45B4A /* ModelsByCategoryGridView.swift */,
				2F9133182905546000C45B4A /* HorizontalGridView.swift */,
				2F91332D2906541D00C45B4A /* RecentsGridView.swift */,
			);
			path = Browse;
			sourceTree = "<group>";
		};
		2F91332A290653A200C45B4A /* Placement */ = {
			isa = PBXGroup;
			children = (
				2F91331C2906307200C45B4A /* PlacementView.swift */,
				2F91332B290653B600C45B4A /* PlacementButtonView.swift */,
			);
			path = Placement;
			sourceTree = "<group>";
		};
		2F91333A29065B7E00C45B4A /* UI */ = {
			isa = PBXGroup;
			children = (
			);
			path = UI;
			sourceTree = "<group>";
		};
		2F91333B29065B8000C45B4A /* Data */ = {
			isa = PBXGroup;
			children = (
				2F9133312906549000C45B4A /* SessionSettings.swift */,
				2F91333C29065B9300C45B4A /* Setting.swift */,
			);
			path = Data;
			sourceTree = "<group>";
		};
/* End PBXGroup section */

/* Begin PBXNativeTarget section */
		2F9132CE2904F31900C45B4A /* ARGallery */ = {
			isa = PBXNativeTarget;
			buildConfigurationList = 2F9132DD2904F31A00C45B4A /* Build configuration list for PBXNativeTarget "ARGallery" */;
			buildPhases = (
				2F9132CB2904F31900C45B4A /* Sources */,
				2F9132CC2904F31900C45B4A /* Frameworks */,
				2F9132CD2904F31900C45B4A /* Resources */,
			);
			buildRules = (
			);
			dependencies = (
			);
			name = ARGallery;
			packageProductDependencies = (
				2F91331F290632CA00C45B4A /* FocusEntity */,
				2F7D606A29066A90003A22EF /* FirebaseAuth */,
				2F7D606C29066A90003A22EF /* FirebaseFirestore */,
				2F7D606E29066A90003A22EF /* FirebaseFirestoreSwift */,
				2F7D607029066A90003A22EF /* FirebaseStorage */,
			);
			productName = ARGallery;
			productReference = 2F9132CF2904F31900C45B4A /* ARGallery.app */;
			productType = "com.apple.product-type.application";
		};
/* End PBXNativeTarget section */

/* Begin PBXProject section */
		2F9132C72904F31900C45B4A /* Project object */ = {
			isa = PBXProject;
			attributes = {
				BuildIndependentTargetsInParallel = 1;
				LastSwiftUpdateCheck = 1400;
				LastUpgradeCheck = 1400;
				TargetAttributes = {
					2F9132CE2904F31900C45B4A = {
						CreatedOnToolsVersion = 14.0.1;
					};
				};
			};
			buildConfigurationList = 2F9132CA2904F31900C45B4A /* Build configuration list for PBXProject "ARGallery" */;
			compatibilityVersion = "Xcode 14.0";
			developmentRegion = en;
			hasScannedForEncodings = 0;
			knownRegions = (
				en,
				Base,
			);
			mainGroup = 2F9132C62904F31900C45B4A;
			packageReferences = (
				2F91331E290632CA00C45B4A /* XCRemoteSwiftPackageReference "FocusEntity" */,
				2F7D606929066A90003A22EF /* XCRemoteSwiftPackageReference "firebase-ios-sdk" */,
			);
			productRefGroup = 2F9132D02904F31900C45B4A /* Products */;
			projectDirPath = "";
			projectRoot = "";
			targets = (
				2F9132CE2904F31900C45B4A /* ARGallery */,
			);
		};
/* End PBXProject section */

/* Begin PBXResourcesBuildPhase section */
		2F9132CD2904F31900C45B4A /* Resources */ = {
			isa = PBXResourcesBuildPhase;
			buildActionMask = 2147483647;
			files = (
				2F9132DA2904F31A00C45B4A /* Preview Assets.xcassets in Resources */,
				2F7D607329066BFD003A22EF /* GoogleService-Info.plist in Resources */,
				2F9132D72904F31A00C45B4A /* Assets.xcassets in Resources */,
			);
			runOnlyForDeploymentPostprocessing = 0;
		};
/* End PBXResourcesBuildPhase section */

/* Begin PBXSourcesBuildPhase section */
		2F9132CB2904F31900C45B4A /* Sources */ = {
			isa = PBXSourcesBuildPhase;
			buildActionMask = 2147483647;
			files = (
				2F91332C290653B600C45B4A /* PlacementButtonView.swift in Sources */,
				2F9133152905543000C45B4A /* SeparatorView.swift in Sources */,
				2F91330D29051F6C00C45B4A /* Model.swift in Sources */,
				2F91330F2905510500C45B4A /* ModelsByCategoryGridView.swift in Sources */,
				2F9133092905016900C45B4A /* CustomButtonView.swift in Sources */,
				2F91333D29065B9300C45B4A /* Setting.swift in Sources */,
				2F5843B72911AA0D00A9F76F /* ScenePersistenceHelper.swift in Sources */,
				2F9132D52904F31A00C45B4A /* ContentView.swift in Sources */,
				2F9133352906552100C45B4A /* SettingsSheet.swift in Sources */,
				2F9133032904FD8C00C45B4A /* ControlButtonBarView.swift in Sources */,
				2F91331D2906307200C45B4A /* PlacementView.swift in Sources */,
				2F91332629064EA400C45B4A /* View+Extensions.swift in Sources */,
				2F913337290655C400C45B4A /* SettingToggleButtonView.swift in Sources */,
				2F9132D32904F31A00C45B4A /* ARGalleryApp.swift in Sources */,
				2F9133052905005900C45B4A /* ControlButtonBarVisibilityToggleView.swift in Sources */,
				2F91331B29062BD400C45B4A /* PlacementSettings.swift in Sources */,
				2F9133302906544E00C45B4A /* ModelButtonView.swift in Sources */,
				2F9133222906332900C45B4A /* CustomARView.swift in Sources */,
				2F9133322906549000C45B4A /* SessionSettings.swift in Sources */,
				2F9133072905010500C45B4A /* ControlView.swift in Sources */,
				2F9132E12904F32900C45B4A /* ARViewContainer.swift in Sources */,
				2F91333929065AC100C45B4A /* SettingsGridView.swift in Sources */,
				2F7D60FE2907D917003A22EF /* ModelCategory.swift in Sources */,
				2F7D607529066DD4003A22EF /* ModelManager.swift in Sources */,
				2F7D60FC2907D7BA003A22EF /* FirebaseStorageHelper.swift in Sources */,
				2F91332E2906541D00C45B4A /* RecentsGridView.swift in Sources */,
				2F5843B52911908D00A9F76F /* ControlModePickerView.swift in Sources */,
				2F5843B92911E50500A9F76F /* ModelDeletionManager.swift in Sources */,
				2F5843BB2911E90C00A9F76F /* DeletionView.swift in Sources */,
				2F9133192905546000C45B4A /* HorizontalGridView.swift in Sources */,
				2F91332429064DCA00C45B4A /* MostRecentlyPlacedButtonView.swift in Sources */,
				2F91330B2905152100C45B4A /* BrowseSheet.swift in Sources */,
			);
			runOnlyForDeploymentPostprocessing = 0;
		};
/* End PBXSourcesBuildPhase section */

/* Begin XCBuildConfiguration section */
		2F9132DB2904F31A00C45B4A /* Debug */ = {
			isa = XCBuildConfiguration;
			buildSettings = {
				ALWAYS_SEARCH_USER_PATHS = NO;
				CLANG_ANALYZER_NONNULL = YES;
				CLANG_ANALYZER_NUMBER_OBJECT_CONVERSION = YES_AGGRESSIVE;
				CLANG_CXX_LANGUAGE_STANDARD = "gnu++20";
				CLANG_ENABLE_MODULES = YES;
				CLANG_ENABLE_OBJC_ARC = YES;
				CLANG_ENABLE_OBJC_WEAK = YES;
				CLANG_WARN_BLOCK_CAPTURE_AUTORELEASING = YES;
				CLANG_WARN_BOOL_CONVERSION = YES;
				CLANG_WARN_COMMA = YES;
				CLANG_WARN_CONSTANT_CONVERSION = YES;
				CLANG_WARN_DEPRECATED_OBJC_IMPLEMENTATIONS = YES;
				CLANG_WARN_DIRECT_OBJC_ISA_USAGE = YES_ERROR;
				CLANG_WARN_DOCUMENTATION_COMMENTS = YES;
				CLANG_WARN_EMPTY_BODY = YES;
				CLANG_WARN_ENUM_CONVERSION = YES;
				CLANG_WARN_INFINITE_RECURSION = YES;
				CLANG_WARN_INT_CONVERSION = YES;
				CLANG_WARN_NON_LITERAL_NULL_CONVERSION = YES;
				CLANG_WARN_OBJC_IMPLICIT_RETAIN_SELF = YES;
				CLANG_WARN_OBJC_LITERAL_CONVERSION = YES;
				CLANG_WARN_OBJC_ROOT_CLASS = YES_ERROR;
				CLANG_WARN_QUOTED_INCLUDE_IN_FRAMEWORK_HEADER = YES;
				CLANG_WARN_RANGE_LOOP_ANALYSIS = YES;
				CLANG_WARN_STRICT_PROTOTYPES = YES;
				CLANG_WARN_SUSPICIOUS_MOVE = YES;
				CLANG_WARN_UNGUARDED_AVAILABILITY = YES_AGGRESSIVE;
				CLANG_WARN_UNREACHABLE_CODE = YES;
				CLANG_WARN__DUPLICATE_METHOD_MATCH = YES;
				COPY_PHASE_STRIP = NO;
				DEBUG_INFORMATION_FORMAT = dwarf;
				ENABLE_STRICT_OBJC_MSGSEND = YES;
				ENABLE_TESTABILITY = YES;
				GCC_C_LANGUAGE_STANDARD = gnu11;
				GCC_DYNAMIC_NO_PIC = NO;
				GCC_NO_COMMON_BLOCKS = YES;
				GCC_OPTIMIZATION_LEVEL = 0;
				GCC_PREPROCESSOR_DEFINITIONS = (
					"DEBUG=1",
					"$(inherited)",
				);
				GCC_WARN_64_TO_32_BIT_CONVERSION = YES;
				GCC_WARN_ABOUT_RETURN_TYPE = YES_ERROR;
				GCC_WARN_UNDECLARED_SELECTOR = YES;
				GCC_WARN_UNINITIALIZED_AUTOS = YES_AGGRESSIVE;
				GCC_WARN_UNUSED_FUNCTION = YES;
				GCC_WARN_UNUSED_VARIABLE = YES;
				IPHONEOS_DEPLOYMENT_TARGET = 16.0;
				MTL_ENABLE_DEBUG_INFO = INCLUDE_SOURCE;
				MTL_FAST_MATH = YES;
				ONLY_ACTIVE_ARCH = YES;
				SDKROOT = iphoneos;
				SWIFT_ACTIVE_COMPILATION_CONDITIONS = DEBUG;
				SWIFT_OPTIMIZATION_LEVEL = "-Onone";
			};
			name = Debug;
		};
		2F9132DC2904F31A00C45B4A /* Release */ = {
			isa = XCBuildConfiguration;
			buildSettings = {
				ALWAYS_SEARCH_USER_PATHS = NO;
				CLANG_ANALYZER_NONNULL = YES;
				CLANG_ANALYZER_NUMBER_OBJECT_CONVERSION = YES_AGGRESSIVE;
				CLANG_CXX_LANGUAGE_STANDARD = "gnu++20";
				CLANG_ENABLE_MODULES = YES;
				CLANG_ENABLE_OBJC_ARC = YES;
				CLANG_ENABLE_OBJC_WEAK = YES;
				CLANG_WARN_BLOCK_CAPTURE_AUTORELEASING = YES;
				CLANG_WARN_BOOL_CONVERSION = YES;
				CLANG_WARN_COMMA = YES;
				CLANG_WARN_CONSTANT_CONVERSION = YES;
				CLANG_WARN_DEPRECATED_OBJC_IMPLEMENTATIONS = YES;
				CLANG_WARN_DIRECT_OBJC_ISA_USAGE = YES_ERROR;
				CLANG_WARN_DOCUMENTATION_COMMENTS = YES;
				CLANG_WARN_EMPTY_BODY = YES;
				CLANG_WARN_ENUM_CONVERSION = YES;
				CLANG_WARN_INFINITE_RECURSION = YES;
				CLANG_WARN_INT_CONVERSION = YES;
				CLANG_WARN_NON_LITERAL_NULL_CONVERSION = YES;
				CLANG_WARN_OBJC_IMPLICIT_RETAIN_SELF = YES;
				CLANG_WARN_OBJC_LITERAL_CONVERSION = YES;
				CLANG_WARN_OBJC_ROOT_CLASS = YES_ERROR;
				CLANG_WARN_QUOTED_INCLUDE_IN_FRAMEWORK_HEADER = YES;
				CLANG_WARN_RANGE_LOOP_ANALYSIS = YES;
				CLANG_WARN_STRICT_PROTOTYPES = YES;
				CLANG_WARN_SUSPICIOUS_MOVE = YES;
				CLANG_WARN_UNGUARDED_AVAILABILITY = YES_AGGRESSIVE;
				CLANG_WARN_UNREACHABLE_CODE = YES;
				CLANG_WARN__DUPLICATE_METHOD_MATCH = YES;
				COPY_PHASE_STRIP = NO;
				DEBUG_INFORMATION_FORMAT = "dwarf-with-dsym";
				ENABLE_NS_ASSERTIONS = NO;
				ENABLE_STRICT_OBJC_MSGSEND = YES;
				GCC_C_LANGUAGE_STANDARD = gnu11;
				GCC_NO_COMMON_BLOCKS = YES;
				GCC_WARN_64_TO_32_BIT_CONVERSION = YES;
				GCC_WARN_ABOUT_RETURN_TYPE = YES_ERROR;
				GCC_WARN_UNDECLARED_SELECTOR = YES;
				GCC_WARN_UNINITIALIZED_AUTOS = YES_AGGRESSIVE;
				GCC_WARN_UNUSED_FUNCTION = YES;
				GCC_WARN_UNUSED_VARIABLE = YES;
				IPHONEOS_DEPLOYMENT_TARGET = 16.0;
				MTL_ENABLE_DEBUG_INFO = NO;
				MTL_FAST_MATH = YES;
				SDKROOT = iphoneos;
				SWIFT_COMPILATION_MODE = wholemodule;
				SWIFT_OPTIMIZATION_LEVEL = "-O";
				VALIDATE_PRODUCT = YES;
			};
			name = Release;
		};
		2F9132DE2904F31A00C45B4A /* Debug */ = {
			isa = XCBuildConfiguration;
			buildSettings = {
				ASSETCATALOG_COMPILER_APPICON_NAME = AppIcon;
				ASSETCATALOG_COMPILER_GLOBAL_ACCENT_COLOR_NAME = AccentColor;
				CODE_SIGN_STYLE = Automatic;
				CURRENT_PROJECT_VERSION = 1;
				DEVELOPMENT_ASSET_PATHS = "\"ARGallery/Preview Content\"";
				DEVELOPMENT_TEAM = 4BP826FJGX;
				ENABLE_PREVIEWS = YES;
				GENERATE_INFOPLIST_FILE = YES;
				INFOPLIST_KEY_NSCameraUsageDescription = "This app requires access to your camera for Augmented Reality to function";
				INFOPLIST_KEY_UIApplicationSceneManifest_Generation = YES;
				INFOPLIST_KEY_UIApplicationSupportsIndirectInputEvents = YES;
				INFOPLIST_KEY_UILaunchScreen_Generation = YES;
				INFOPLIST_KEY_UISupportedInterfaceOrientations_iPad = "UIInterfaceOrientationPortrait UIInterfaceOrientationPortraitUpsideDown UIInterfaceOrientationLandscapeLeft UIInterfaceOrientationLandscapeRight";
				INFOPLIST_KEY_UISupportedInterfaceOrientations_iPhone = "UIInterfaceOrientationPortrait UIInterfaceOrientationLandscapeLeft UIInterfaceOrientationLandscapeRight";
				LD_RUNPATH_SEARCH_PATHS = (
					"$(inherited)",
					"@executable_path/Frameworks",
				);
				MARKETING_VERSION = 1.0;
				PRODUCT_BUNDLE_IDENTIFIER = dev.neurothrone.ARGallery;
				PRODUCT_NAME = "$(TARGET_NAME)";
				SWIFT_EMIT_LOC_STRINGS = YES;
				SWIFT_VERSION = 5.0;
				TARGETED_DEVICE_FAMILY = "1,2";
			};
			name = Debug;
		};
		2F9132DF2904F31A00C45B4A /* Release */ = {
			isa = XCBuildConfiguration;
			buildSettings = {
				ASSETCATALOG_COMPILER_APPICON_NAME = AppIcon;
				ASSETCATALOG_COMPILER_GLOBAL_ACCENT_COLOR_NAME = AccentColor;
				CODE_SIGN_STYLE = Automatic;
				CURRENT_PROJECT_VERSION = 1;
				DEVELOPMENT_ASSET_PATHS = "\"ARGallery/Preview Content\"";
				DEVELOPMENT_TEAM = 4BP826FJGX;
				ENABLE_PREVIEWS = YES;
				GENERATE_INFOPLIST_FILE = YES;
				INFOPLIST_KEY_NSCameraUsageDescription = "This app requires access to your camera for Augmented Reality to function";
				INFOPLIST_KEY_UIApplicationSceneManifest_Generation = YES;
				INFOPLIST_KEY_UIApplicationSupportsIndirectInputEvents = YES;
				INFOPLIST_KEY_UILaunchScreen_Generation = YES;
				INFOPLIST_KEY_UISupportedInterfaceOrientations_iPad = "UIInterfaceOrientationPortrait UIInterfaceOrientationPortraitUpsideDown UIInterfaceOrientationLandscapeLeft UIInterfaceOrientationLandscapeRight";
				INFOPLIST_KEY_UISupportedInterfaceOrientations_iPhone = "UIInterfaceOrientationPortrait UIInterfaceOrientationLandscapeLeft UIInterfaceOrientationLandscapeRight";
				LD_RUNPATH_SEARCH_PATHS = (
					"$(inherited)",
					"@executable_path/Frameworks",
				);
				MARKETING_VERSION = 1.0;
				PRODUCT_BUNDLE_IDENTIFIER = dev.neurothrone.ARGallery;
				PRODUCT_NAME = "$(TARGET_NAME)";
				SWIFT_EMIT_LOC_STRINGS = YES;
				SWIFT_VERSION = 5.0;
				TARGETED_DEVICE_FAMILY = "1,2";
			};
			name = Release;
		};
/* End XCBuildConfiguration section */

/* Begin XCConfigurationList section */
		2F9132CA2904F31900C45B4A /* Build configuration list for PBXProject "ARGallery" */ = {
			isa = XCConfigurationList;
			buildConfigurations = (
				2F9132DB2904F31A00C45B4A /* Debug */,
				2F9132DC2904F31A00C45B4A /* Release */,
			);
			defaultConfigurationIsVisible = 0;
			defaultConfigurationName = Release;
		};
		2F9132DD2904F31A00C45B4A /* Build configuration list for PBXNativeTarget "ARGallery" */ = {
			isa = XCConfigurationList;
			buildConfigurations = (
				2F9132DE2904F31A00C45B4A /* Debug */,
				2F9132DF2904F31A00C45B4A /* Release */,
			);
			defaultConfigurationIsVisible = 0;
			defaultConfigurationName = Release;
		};
/* End XCConfigurationList section */

/* Begin XCRemoteSwiftPackageReference section */
		2F7D606929066A90003A22EF /* XCRemoteSwiftPackageReference "firebase-ios-sdk" */ = {
			isa = XCRemoteSwiftPackageReference;
			repositoryURL = "https://github.com/firebase/firebase-ios-sdk";
			requirement = {
				kind = upToNextMajorVersion;
				minimumVersion = 9.0.0;
			};
		};
		2F91331E290632CA00C45B4A /* XCRemoteSwiftPackageReference "FocusEntity" */ = {
			isa = XCRemoteSwiftPackageReference;
			repositoryURL = "https://github.com/maxxfrazer/FocusEntity";
			requirement = {
				kind = upToNextMajorVersion;
				minimumVersion = 2.0.0;
			};
		};
/* End XCRemoteSwiftPackageReference section */

/* Begin XCSwiftPackageProductDependency section */
		2F7D606A29066A90003A22EF /* FirebaseAuth */ = {
			isa = XCSwiftPackageProductDependency;
			package = 2F7D606929066A90003A22EF /* XCRemoteSwiftPackageReference "firebase-ios-sdk" */;
			productName = FirebaseAuth;
		};
		2F7D606C29066A90003A22EF /* FirebaseFirestore */ = {
			isa = XCSwiftPackageProductDependency;
			package = 2F7D606929066A90003A22EF /* XCRemoteSwiftPackageReference "firebase-ios-sdk" */;
			productName = FirebaseFirestore;
		};
		2F7D606E29066A90003A22EF /* FirebaseFirestoreSwift */ = {
			isa = XCSwiftPackageProductDependency;
			package = 2F7D606929066A90003A22EF /* XCRemoteSwiftPackageReference "firebase-ios-sdk" */;
			productName = FirebaseFirestoreSwift;
		};
		2F7D607029066A90003A22EF /* FirebaseStorage */ = {
			isa = XCSwiftPackageProductDependency;
			package = 2F7D606929066A90003A22EF /* XCRemoteSwiftPackageReference "firebase-ios-sdk" */;
			productName = FirebaseStorage;
		};
		2F91331F290632CA00C45B4A /* FocusEntity */ = {
			isa = XCSwiftPackageProductDependency;
			package = 2F91331E290632CA00C45B4A /* XCRemoteSwiftPackageReference "FocusEntity" */;
			productName = FocusEntity;
		};
/* End XCSwiftPackageProductDependency section */
	};
	rootObject = 2F9132C72904F31900C45B4A /* Project object */;
}
