// !$*UTF8*$!
{
	archiveVersion = 1;
	classes = {
	};
	objectVersion = 56;
	objects = {

/* Begin PBXBuildFile section */
		2F9132D32904F31A00C45B4A /* ARGalleryApp.swift in Sources */ = {isa = PBXBuildFile; fileRef = 2F9132D22904F31A00C45B4A /* ARGalleryApp.swift */; };
		2F9132D52904F31A00C45B4A /* ContentView.swift in Sources */ = {isa = PBXBuildFile; fileRef = 2F9132D42904F31A00C45B4A /* ContentView.swift */; };
		2F9132D72904F31A00C45B4A /* Assets.xcassets in Resources */ = {isa = PBXBuildFile; fileRef = 2F9132D62904F31A00C45B4A /* Assets.xcassets */; };
		2F9132DA2904F31A00C45B4A /* Preview Assets.xcassets in Resources */ = {isa = PBXBuildFile; fileRef = 2F9132D92904F31A00C45B4A /* Preview Assets.xcassets */; };
		2F9132E12904F32900C45B4A /* ARViewContainer.swift in Sources */ = {isa = PBXBuildFile; fileRef = 2F9132E02904F32900C45B4A /* ARViewContainer.swift */; };
		2F9132F32904F52900C45B4A /* cup_saucer_set.usdz in Resources */ = {isa = PBXBuildFile; fileRef = 2F9132E42904F52900C45B4A /* cup_saucer_set.usdz */; };
		2F9132F42904F52900C45B4A /* PegasusTrail.usdz in Resources */ = {isa = PBXBuildFile; fileRef = 2F9132E52904F52900C45B4A /* PegasusTrail.usdz */; };
		2F9132F52904F52900C45B4A /* toy_biplane.usdz in Resources */ = {isa = PBXBuildFile; fileRef = 2F9132E62904F52900C45B4A /* toy_biplane.usdz */; };
		2F9132F62904F52900C45B4A /* toy_drummer.usdz in Resources */ = {isa = PBXBuildFile; fileRef = 2F9132E72904F52900C45B4A /* toy_drummer.usdz */; };
		2F9132F72904F52900C45B4A /* tv_retro.usdz in Resources */ = {isa = PBXBuildFile; fileRef = 2F9132E82904F52900C45B4A /* tv_retro.usdz */; };
		2F9132F82904F52900C45B4A /* toy_robot_vintage.usdz in Resources */ = {isa = PBXBuildFile; fileRef = 2F9132E92904F52900C45B4A /* toy_robot_vintage.usdz */; };
		2F9132F92904F52900C45B4A /* gramophone.usdz in Resources */ = {isa = PBXBuildFile; fileRef = 2F9132EA2904F52900C45B4A /* gramophone.usdz */; };
		2F9132FA2904F52900C45B4A /* toy_car.usdz in Resources */ = {isa = PBXBuildFile; fileRef = 2F9132EB2904F52900C45B4A /* toy_car.usdz */; };
		2F9132FB2904F52900C45B4A /* flower_tulip.usdz in Resources */ = {isa = PBXBuildFile; fileRef = 2F9132EC2904F52900C45B4A /* flower_tulip.usdz */; };
		2F9132FC2904F52900C45B4A /* teapot.usdz in Resources */ = {isa = PBXBuildFile; fileRef = 2F9132ED2904F52900C45B4A /* teapot.usdz */; };
		2F9132FD2904F52900C45B4A /* fender_stratocaster.usdz in Resources */ = {isa = PBXBuildFile; fileRef = 2F9132EE2904F52900C45B4A /* fender_stratocaster.usdz */; };
		2F9132FE2904F52900C45B4A /* AirForce.usdz in Resources */ = {isa = PBXBuildFile; fileRef = 2F9132EF2904F52900C45B4A /* AirForce.usdz */; };
		2F9132FF2904F52900C45B4A /* LemonMeringuePie.usdz in Resources */ = {isa = PBXBuildFile; fileRef = 2F9132F02904F52900C45B4A /* LemonMeringuePie.usdz */; };
		2F9133002904F52900C45B4A /* wateringcan.usdz in Resources */ = {isa = PBXBuildFile; fileRef = 2F9132F12904F52900C45B4A /* wateringcan.usdz */; };
		2F9133012904F52900C45B4A /* chair_swan.usdz in Resources */ = {isa = PBXBuildFile; fileRef = 2F9132F22904F52900C45B4A /* chair_swan.usdz */; };
		2F9133032904FD8C00C45B4A /* ControlButtonBarView.swift in Sources */ = {isa = PBXBuildFile; fileRef = 2F9133022904FD8C00C45B4A /* ControlButtonBarView.swift */; };
		2F9133052905005900C45B4A /* ControlButtonBarVisibilityToggleView.swift in Sources */ = {isa = PBXBuildFile; fileRef = 2F9133042905005900C45B4A /* ControlButtonBarVisibilityToggleView.swift */; };
		2F9133072905010500C45B4A /* ControlView.swift in Sources */ = {isa = PBXBuildFile; fileRef = 2F9133062905010500C45B4A /* ControlView.swift */; };
		2F9133092905016900C45B4A /* CustomButtonView.swift in Sources */ = {isa = PBXBuildFile; fileRef = 2F9133082905016900C45B4A /* CustomButtonView.swift */; };
/* End PBXBuildFile section */

/* Begin PBXFileReference section */
		2F9132CF2904F31900C45B4A /* ARGallery.app */ = {isa = PBXFileReference; explicitFileType = wrapper.application; includeInIndex = 0; path = ARGallery.app; sourceTree = BUILT_PRODUCTS_DIR; };
		2F9132D22904F31A00C45B4A /* ARGalleryApp.swift */ = {isa = PBXFileReference; lastKnownFileType = sourcecode.swift; path = ARGalleryApp.swift; sourceTree = "<group>"; };
		2F9132D42904F31A00C45B4A /* ContentView.swift */ = {isa = PBXFileReference; lastKnownFileType = sourcecode.swift; path = ContentView.swift; sourceTree = "<group>"; };
		2F9132D62904F31A00C45B4A /* Assets.xcassets */ = {isa = PBXFileReference; lastKnownFileType = folder.assetcatalog; path = Assets.xcassets; sourceTree = "<group>"; };
		2F9132D92904F31A00C45B4A /* Preview Assets.xcassets */ = {isa = PBXFileReference; lastKnownFileType = folder.assetcatalog; path = "Preview Assets.xcassets"; sourceTree = "<group>"; };
		2F9132E02904F32900C45B4A /* ARViewContainer.swift */ = {isa = PBXFileReference; fileEncoding = 4; lastKnownFileType = sourcecode.swift; path = ARViewContainer.swift; sourceTree = "<group>"; };
		2F9132E42904F52900C45B4A /* cup_saucer_set.usdz */ = {isa = PBXFileReference; lastKnownFileType = file.usdz; path = cup_saucer_set.usdz; sourceTree = "<group>"; };
		2F9132E52904F52900C45B4A /* PegasusTrail.usdz */ = {isa = PBXFileReference; lastKnownFileType = file.usdz; path = PegasusTrail.usdz; sourceTree = "<group>"; };
		2F9132E62904F52900C45B4A /* toy_biplane.usdz */ = {isa = PBXFileReference; lastKnownFileType = file.usdz; path = toy_biplane.usdz; sourceTree = "<group>"; };
		2F9132E72904F52900C45B4A /* toy_drummer.usdz */ = {isa = PBXFileReference; lastKnownFileType = file.usdz; path = toy_drummer.usdz; sourceTree = "<group>"; };
		2F9132E82904F52900C45B4A /* tv_retro.usdz */ = {isa = PBXFileReference; lastKnownFileType = file.usdz; path = tv_retro.usdz; sourceTree = "<group>"; };
		2F9132E92904F52900C45B4A /* toy_robot_vintage.usdz */ = {isa = PBXFileReference; lastKnownFileType = file.usdz; path = toy_robot_vintage.usdz; sourceTree = "<group>"; };
		2F9132EA2904F52900C45B4A /* gramophone.usdz */ = {isa = PBXFileReference; lastKnownFileType = file.usdz; path = gramophone.usdz; sourceTree = "<group>"; };
		2F9132EB2904F52900C45B4A /* toy_car.usdz */ = {isa = PBXFileReference; lastKnownFileType = file.usdz; path = toy_car.usdz; sourceTree = "<group>"; };
		2F9132EC2904F52900C45B4A /* flower_tulip.usdz */ = {isa = PBXFileReference; lastKnownFileType = file.usdz; path = flower_tulip.usdz; sourceTree = "<group>"; };
		2F9132ED2904F52900C45B4A /* teapot.usdz */ = {isa = PBXFileReference; lastKnownFileType = file.usdz; path = teapot.usdz; sourceTree = "<group>"; };
		2F9132EE2904F52900C45B4A /* fender_stratocaster.usdz */ = {isa = PBXFileReference; lastKnownFileType = file.usdz; path = fender_stratocaster.usdz; sourceTree = "<group>"; };
		2F9132EF2904F52900C45B4A /* AirForce.usdz */ = {isa = PBXFileReference; lastKnownFileType = file.usdz; path = AirForce.usdz; sourceTree = "<group>"; };
		2F9132F02904F52900C45B4A /* LemonMeringuePie.usdz */ = {isa = PBXFileReference; lastKnownFileType = file.usdz; path = LemonMeringuePie.usdz; sourceTree = "<group>"; };
		2F9132F12904F52900C45B4A /* wateringcan.usdz */ = {isa = PBXFileReference; lastKnownFileType = file.usdz; path = wateringcan.usdz; sourceTree = "<group>"; };
		2F9132F22904F52900C45B4A /* chair_swan.usdz */ = {isa = PBXFileReference; lastKnownFileType = file.usdz; path = chair_swan.usdz; sourceTree = "<group>"; };
		2F9133022904FD8C00C45B4A /* ControlButtonBarView.swift */ = {isa = PBXFileReference; lastKnownFileType = sourcecode.swift; path = ControlButtonBarView.swift; sourceTree = "<group>"; };
		2F9133042905005900C45B4A /* ControlButtonBarVisibilityToggleView.swift */ = {isa = PBXFileReference; lastKnownFileType = sourcecode.swift; path = ControlButtonBarVisibilityToggleView.swift; sourceTree = "<group>"; };
		2F9133062905010500C45B4A /* ControlView.swift */ = {isa = PBXFileReference; lastKnownFileType = sourcecode.swift; path = ControlView.swift; sourceTree = "<group>"; };
		2F9133082905016900C45B4A /* CustomButtonView.swift */ = {isa = PBXFileReference; lastKnownFileType = sourcecode.swift; path = CustomButtonView.swift; sourceTree = "<group>"; };
/* End PBXFileReference section */

/* Begin PBXFrameworksBuildPhase section */
		2F9132CC2904F31900C45B4A /* Frameworks */ = {
			isa = PBXFrameworksBuildPhase;
			buildActionMask = 2147483647;
			files = (
			);
			runOnlyForDeploymentPostprocessing = 0;
		};
/* End PBXFrameworksBuildPhase section */

/* Begin PBXGroup section */
		2F9132C62904F31900C45B4A = {
			isa = PBXGroup;
			children = (
				2F9132D12904F31900C45B4A /* ARGallery */,
				2F9132D02904F31900C45B4A /* Products */,
			);
			sourceTree = "<group>";
		};
		2F9132D02904F31900C45B4A /* Products */ = {
			isa = PBXGroup;
			children = (
				2F9132CF2904F31900C45B4A /* ARGallery.app */,
			);
			name = Products;
			sourceTree = "<group>";
		};
		2F9132D12904F31900C45B4A /* ARGallery */ = {
			isa = PBXGroup;
			children = (
				2F9132D22904F31A00C45B4A /* ARGalleryApp.swift */,
				2F9132D42904F31A00C45B4A /* ContentView.swift */,
				2F9133062905010500C45B4A /* ControlView.swift */,
				2F9133022904FD8C00C45B4A /* ControlButtonBarView.swift */,
				2F9133082905016900C45B4A /* CustomButtonView.swift */,
				2F9133042905005900C45B4A /* ControlButtonBarVisibilityToggleView.swift */,
				2F9132E02904F32900C45B4A /* ARViewContainer.swift */,
				2F9132E32904F38C00C45B4A /* Resources */,
				2F9132D82904F31A00C45B4A /* Preview Content */,
			);
			path = ARGallery;
			sourceTree = "<group>";
		};
		2F9132D82904F31A00C45B4A /* Preview Content */ = {
			isa = PBXGroup;
			children = (
				2F9132D92904F31A00C45B4A /* Preview Assets.xcassets */,
			);
			path = "Preview Content";
			sourceTree = "<group>";
		};
		2F9132E22904F38300C45B4A /* 3D Assets */ = {
			isa = PBXGroup;
			children = (
				2F9132EF2904F52900C45B4A /* AirForce.usdz */,
				2F9132F22904F52900C45B4A /* chair_swan.usdz */,
				2F9132E42904F52900C45B4A /* cup_saucer_set.usdz */,
				2F9132EE2904F52900C45B4A /* fender_stratocaster.usdz */,
				2F9132EC2904F52900C45B4A /* flower_tulip.usdz */,
				2F9132EA2904F52900C45B4A /* gramophone.usdz */,
				2F9132F02904F52900C45B4A /* LemonMeringuePie.usdz */,
				2F9132E52904F52900C45B4A /* PegasusTrail.usdz */,
				2F9132ED2904F52900C45B4A /* teapot.usdz */,
				2F9132E62904F52900C45B4A /* toy_biplane.usdz */,
				2F9132EB2904F52900C45B4A /* toy_car.usdz */,
				2F9132E72904F52900C45B4A /* toy_drummer.usdz */,
				2F9132E92904F52900C45B4A /* toy_robot_vintage.usdz */,
				2F9132E82904F52900C45B4A /* tv_retro.usdz */,
				2F9132F12904F52900C45B4A /* wateringcan.usdz */,
			);
			path = "3D Assets";
			sourceTree = "<group>";
		};
		2F9132E32904F38C00C45B4A /* Resources */ = {
			isa = PBXGroup;
			children = (
				2F9132D62904F31A00C45B4A /* Assets.xcassets */,
				2F9132E22904F38300C45B4A /* 3D Assets */,
			);
			path = Resources;
			sourceTree = "<group>";
		};
/* End PBXGroup section */

/* Begin PBXNativeTarget section */
		2F9132CE2904F31900C45B4A /* ARGallery */ = {
			isa = PBXNativeTarget;
			buildConfigurationList = 2F9132DD2904F31A00C45B4A /* Build configuration list for PBXNativeTarget "ARGallery" */;
			buildPhases = (
				2F9132CB2904F31900C45B4A /* Sources */,
				2F9132CC2904F31900C45B4A /* Frameworks */,
				2F9132CD2904F31900C45B4A /* Resources */,
			);
			buildRules = (
			);
			dependencies = (
			);
			name = ARGallery;
			productName = ARGallery;
			productReference = 2F9132CF2904F31900C45B4A /* ARGallery.app */;
			productType = "com.apple.product-type.application";
		};
/* End PBXNativeTarget section */

/* Begin PBXProject section */
		2F9132C72904F31900C45B4A /* Project object */ = {
			isa = PBXProject;
			attributes = {
				BuildIndependentTargetsInParallel = 1;
				LastSwiftUpdateCheck = 1400;
				LastUpgradeCheck = 1400;
				TargetAttributes = {
					2F9132CE2904F31900C45B4A = {
						CreatedOnToolsVersion = 14.0.1;
					};
				};
			};
			buildConfigurationList = 2F9132CA2904F31900C45B4A /* Build configuration list for PBXProject "ARGallery" */;
			compatibilityVersion = "Xcode 14.0";
			developmentRegion = en;
			hasScannedForEncodings = 0;
			knownRegions = (
				en,
				Base,
			);
			mainGroup = 2F9132C62904F31900C45B4A;
			productRefGroup = 2F9132D02904F31900C45B4A /* Products */;
			projectDirPath = "";
			projectRoot = "";
			targets = (
				2F9132CE2904F31900C45B4A /* ARGallery */,
			);
		};
/* End PBXProject section */

/* Begin PBXResourcesBuildPhase section */
		2F9132CD2904F31900C45B4A /* Resources */ = {
			isa = PBXResourcesBuildPhase;
			buildActionMask = 2147483647;
			files = (
				2F9132FC2904F52900C45B4A /* teapot.usdz in Resources */,
				2F9132FD2904F52900C45B4A /* fender_stratocaster.usdz in Resources */,
				2F9132F82904F52900C45B4A /* toy_robot_vintage.usdz in Resources */,
				2F9132FB2904F52900C45B4A /* flower_tulip.usdz in Resources */,
				2F9132FE2904F52900C45B4A /* AirForce.usdz in Resources */,
				2F9132F92904F52900C45B4A /* gramophone.usdz in Resources */,
				2F9132DA2904F31A00C45B4A /* Preview Assets.xcassets in Resources */,
				2F9133002904F52900C45B4A /* wateringcan.usdz in Resources */,
				2F9132F52904F52900C45B4A /* toy_biplane.usdz in Resources */,
				2F9132F42904F52900C45B4A /* PegasusTrail.usdz in Resources */,
				2F9132F72904F52900C45B4A /* tv_retro.usdz in Resources */,
				2F9132D72904F31A00C45B4A /* Assets.xcassets in Resources */,
				2F9132F32904F52900C45B4A /* cup_saucer_set.usdz in Resources */,
				2F9132F62904F52900C45B4A /* toy_drummer.usdz in Resources */,
				2F9132FA2904F52900C45B4A /* toy_car.usdz in Resources */,
				2F9133012904F52900C45B4A /* chair_swan.usdz in Resources */,
				2F9132FF2904F52900C45B4A /* LemonMeringuePie.usdz in Resources */,
			);
			runOnlyForDeploymentPostprocessing = 0;
		};
/* End PBXResourcesBuildPhase section */

/* Begin PBXSourcesBuildPhase section */
		2F9132CB2904F31900C45B4A /* Sources */ = {
			isa = PBXSourcesBuildPhase;
			buildActionMask = 2147483647;
			files = (
				2F9133092905016900C45B4A /* CustomButtonView.swift in Sources */,
				2F9132D52904F31A00C45B4A /* ContentView.swift in Sources */,
				2F9133032904FD8C00C45B4A /* ControlButtonBarView.swift in Sources */,
				2F9132D32904F31A00C45B4A /* ARGalleryApp.swift in Sources */,
				2F9133052905005900C45B4A /* ControlButtonBarVisibilityToggleView.swift in Sources */,
				2F9133072905010500C45B4A /* ControlView.swift in Sources */,
				2F9132E12904F32900C45B4A /* ARViewContainer.swift in Sources */,
			);
			runOnlyForDeploymentPostprocessing = 0;
		};
/* End PBXSourcesBuildPhase section */

/* Begin XCBuildConfiguration section */
		2F9132DB2904F31A00C45B4A /* Debug */ = {
			isa = XCBuildConfiguration;
			buildSettings = {
				ALWAYS_SEARCH_USER_PATHS = NO;
				CLANG_ANALYZER_NONNULL = YES;
				CLANG_ANALYZER_NUMBER_OBJECT_CONVERSION = YES_AGGRESSIVE;
				CLANG_CXX_LANGUAGE_STANDARD = "gnu++20";
				CLANG_ENABLE_MODULES = YES;
				CLANG_ENABLE_OBJC_ARC = YES;
				CLANG_ENABLE_OBJC_WEAK = YES;
				CLANG_WARN_BLOCK_CAPTURE_AUTORELEASING = YES;
				CLANG_WARN_BOOL_CONVERSION = YES;
				CLANG_WARN_COMMA = YES;
				CLANG_WARN_CONSTANT_CONVERSION = YES;
				CLANG_WARN_DEPRECATED_OBJC_IMPLEMENTATIONS = YES;
				CLANG_WARN_DIRECT_OBJC_ISA_USAGE = YES_ERROR;
				CLANG_WARN_DOCUMENTATION_COMMENTS = YES;
				CLANG_WARN_EMPTY_BODY = YES;
				CLANG_WARN_ENUM_CONVERSION = YES;
				CLANG_WARN_INFINITE_RECURSION = YES;
				CLANG_WARN_INT_CONVERSION = YES;
				CLANG_WARN_NON_LITERAL_NULL_CONVERSION = YES;
				CLANG_WARN_OBJC_IMPLICIT_RETAIN_SELF = YES;
				CLANG_WARN_OBJC_LITERAL_CONVERSION = YES;
				CLANG_WARN_OBJC_ROOT_CLASS = YES_ERROR;
				CLANG_WARN_QUOTED_INCLUDE_IN_FRAMEWORK_HEADER = YES;
				CLANG_WARN_RANGE_LOOP_ANALYSIS = YES;
				CLANG_WARN_STRICT_PROTOTYPES = YES;
				CLANG_WARN_SUSPICIOUS_MOVE = YES;
				CLANG_WARN_UNGUARDED_AVAILABILITY = YES_AGGRESSIVE;
				CLANG_WARN_UNREACHABLE_CODE = YES;
				CLANG_WARN__DUPLICATE_METHOD_MATCH = YES;
				COPY_PHASE_STRIP = NO;
				DEBUG_INFORMATION_FORMAT = dwarf;
				ENABLE_STRICT_OBJC_MSGSEND = YES;
				ENABLE_TESTABILITY = YES;
				GCC_C_LANGUAGE_STANDARD = gnu11;
				GCC_DYNAMIC_NO_PIC = NO;
				GCC_NO_COMMON_BLOCKS = YES;
				GCC_OPTIMIZATION_LEVEL = 0;
				GCC_PREPROCESSOR_DEFINITIONS = (
					"DEBUG=1",
					"$(inherited)",
				);
				GCC_WARN_64_TO_32_BIT_CONVERSION = YES;
				GCC_WARN_ABOUT_RETURN_TYPE = YES_ERROR;
				GCC_WARN_UNDECLARED_SELECTOR = YES;
				GCC_WARN_UNINITIALIZED_AUTOS = YES_AGGRESSIVE;
				GCC_WARN_UNUSED_FUNCTION = YES;
				GCC_WARN_UNUSED_VARIABLE = YES;
				IPHONEOS_DEPLOYMENT_TARGET = 16.0;
				MTL_ENABLE_DEBUG_INFO = INCLUDE_SOURCE;
				MTL_FAST_MATH = YES;
				ONLY_ACTIVE_ARCH = YES;
				SDKROOT = iphoneos;
				SWIFT_ACTIVE_COMPILATION_CONDITIONS = DEBUG;
				SWIFT_OPTIMIZATION_LEVEL = "-Onone";
			};
			name = Debug;
		};
		2F9132DC2904F31A00C45B4A /* Release */ = {
			isa = XCBuildConfiguration;
			buildSettings = {
				ALWAYS_SEARCH_USER_PATHS = NO;
				CLANG_ANALYZER_NONNULL = YES;
				CLANG_ANALYZER_NUMBER_OBJECT_CONVERSION = YES_AGGRESSIVE;
				CLANG_CXX_LANGUAGE_STANDARD = "gnu++20";
				CLANG_ENABLE_MODULES = YES;
				CLANG_ENABLE_OBJC_ARC = YES;
				CLANG_ENABLE_OBJC_WEAK = YES;
				CLANG_WARN_BLOCK_CAPTURE_AUTORELEASING = YES;
				CLANG_WARN_BOOL_CONVERSION = YES;
				CLANG_WARN_COMMA = YES;
				CLANG_WARN_CONSTANT_CONVERSION = YES;
				CLANG_WARN_DEPRECATED_OBJC_IMPLEMENTATIONS = YES;
				CLANG_WARN_DIRECT_OBJC_ISA_USAGE = YES_ERROR;
				CLANG_WARN_DOCUMENTATION_COMMENTS = YES;
				CLANG_WARN_EMPTY_BODY = YES;
				CLANG_WARN_ENUM_CONVERSION = YES;
				CLANG_WARN_INFINITE_RECURSION = YES;
				CLANG_WARN_INT_CONVERSION = YES;
				CLANG_WARN_NON_LITERAL_NULL_CONVERSION = YES;
				CLANG_WARN_OBJC_IMPLICIT_RETAIN_SELF = YES;
				CLANG_WARN_OBJC_LITERAL_CONVERSION = YES;
				CLANG_WARN_OBJC_ROOT_CLASS = YES_ERROR;
				CLANG_WARN_QUOTED_INCLUDE_IN_FRAMEWORK_HEADER = YES;
				CLANG_WARN_RANGE_LOOP_ANALYSIS = YES;
				CLANG_WARN_STRICT_PROTOTYPES = YES;
				CLANG_WARN_SUSPICIOUS_MOVE = YES;
				CLANG_WARN_UNGUARDED_AVAILABILITY = YES_AGGRESSIVE;
				CLANG_WARN_UNREACHABLE_CODE = YES;
				CLANG_WARN__DUPLICATE_METHOD_MATCH = YES;
				COPY_PHASE_STRIP = NO;
				DEBUG_INFORMATION_FORMAT = "dwarf-with-dsym";
				ENABLE_NS_ASSERTIONS = NO;
				ENABLE_STRICT_OBJC_MSGSEND = YES;
				GCC_C_LANGUAGE_STANDARD = gnu11;
				GCC_NO_COMMON_BLOCKS = YES;
				GCC_WARN_64_TO_32_BIT_CONVERSION = YES;
				GCC_WARN_ABOUT_RETURN_TYPE = YES_ERROR;
				GCC_WARN_UNDECLARED_SELECTOR = YES;
				GCC_WARN_UNINITIALIZED_AUTOS = YES_AGGRESSIVE;
				GCC_WARN_UNUSED_FUNCTION = YES;
				GCC_WARN_UNUSED_VARIABLE = YES;
				IPHONEOS_DEPLOYMENT_TARGET = 16.0;
				MTL_ENABLE_DEBUG_INFO = NO;
				MTL_FAST_MATH = YES;
				SDKROOT = iphoneos;
				SWIFT_COMPILATION_MODE = wholemodule;
				SWIFT_OPTIMIZATION_LEVEL = "-O";
				VALIDATE_PRODUCT = YES;
			};
			name = Release;
		};
		2F9132DE2904F31A00C45B4A /* Debug */ = {
			isa = XCBuildConfiguration;
			buildSettings = {
				ASSETCATALOG_COMPILER_APPICON_NAME = AppIcon;
				ASSETCATALOG_COMPILER_GLOBAL_ACCENT_COLOR_NAME = AccentColor;
				CODE_SIGN_STYLE = Automatic;
				CURRENT_PROJECT_VERSION = 1;
				DEVELOPMENT_ASSET_PATHS = "\"ARGallery/Preview Content\"";
				DEVELOPMENT_TEAM = 4BP826FJGX;
				ENABLE_PREVIEWS = YES;
				GENERATE_INFOPLIST_FILE = YES;
				INFOPLIST_KEY_NSCameraUsageDescription = "This app requires access to your camera for Augmented Reality to function";
				INFOPLIST_KEY_UIApplicationSceneManifest_Generation = YES;
				INFOPLIST_KEY_UIApplicationSupportsIndirectInputEvents = YES;
				INFOPLIST_KEY_UILaunchScreen_Generation = YES;
				INFOPLIST_KEY_UISupportedInterfaceOrientations_iPad = "UIInterfaceOrientationPortrait UIInterfaceOrientationPortraitUpsideDown UIInterfaceOrientationLandscapeLeft UIInterfaceOrientationLandscapeRight";
				INFOPLIST_KEY_UISupportedInterfaceOrientations_iPhone = "UIInterfaceOrientationPortrait UIInterfaceOrientationLandscapeLeft UIInterfaceOrientationLandscapeRight";
				LD_RUNPATH_SEARCH_PATHS = (
					"$(inherited)",
					"@executable_path/Frameworks",
				);
				MARKETING_VERSION = 1.0;
				PRODUCT_BUNDLE_IDENTIFIER = dev.neurothrone.ARGallery;
				PRODUCT_NAME = "$(TARGET_NAME)";
				SWIFT_EMIT_LOC_STRINGS = YES;
				SWIFT_VERSION = 5.0;
				TARGETED_DEVICE_FAMILY = "1,2";
			};
			name = Debug;
		};
		2F9132DF2904F31A00C45B4A /* Release */ = {
			isa = XCBuildConfiguration;
			buildSettings = {
				ASSETCATALOG_COMPILER_APPICON_NAME = AppIcon;
				ASSETCATALOG_COMPILER_GLOBAL_ACCENT_COLOR_NAME = AccentColor;
				CODE_SIGN_STYLE = Automatic;
				CURRENT_PROJECT_VERSION = 1;
				DEVELOPMENT_ASSET_PATHS = "\"ARGallery/Preview Content\"";
				DEVELOPMENT_TEAM = 4BP826FJGX;
				ENABLE_PREVIEWS = YES;
				GENERATE_INFOPLIST_FILE = YES;
				INFOPLIST_KEY_NSCameraUsageDescription = "This app requires access to your camera for Augmented Reality to function";
				INFOPLIST_KEY_UIApplicationSceneManifest_Generation = YES;
				INFOPLIST_KEY_UIApplicationSupportsIndirectInputEvents = YES;
				INFOPLIST_KEY_UILaunchScreen_Generation = YES;
				INFOPLIST_KEY_UISupportedInterfaceOrientations_iPad = "UIInterfaceOrientationPortrait UIInterfaceOrientationPortraitUpsideDown UIInterfaceOrientationLandscapeLeft UIInterfaceOrientationLandscapeRight";
				INFOPLIST_KEY_UISupportedInterfaceOrientations_iPhone = "UIInterfaceOrientationPortrait UIInterfaceOrientationLandscapeLeft UIInterfaceOrientationLandscapeRight";
				LD_RUNPATH_SEARCH_PATHS = (
					"$(inherited)",
					"@executable_path/Frameworks",
				);
				MARKETING_VERSION = 1.0;
				PRODUCT_BUNDLE_IDENTIFIER = dev.neurothrone.ARGallery;
				PRODUCT_NAME = "$(TARGET_NAME)";
				SWIFT_EMIT_LOC_STRINGS = YES;
				SWIFT_VERSION = 5.0;
				TARGETED_DEVICE_FAMILY = "1,2";
			};
			name = Release;
		};
/* End XCBuildConfiguration section */

/* Begin XCConfigurationList section */
		2F9132CA2904F31900C45B4A /* Build configuration list for PBXProject "ARGallery" */ = {
			isa = XCConfigurationList;
			buildConfigurations = (
				2F9132DB2904F31A00C45B4A /* Debug */,
				2F9132DC2904F31A00C45B4A /* Release */,
			);
			defaultConfigurationIsVisible = 0;
			defaultConfigurationName = Release;
		};
		2F9132DD2904F31A00C45B4A /* Build configuration list for PBXNativeTarget "ARGallery" */ = {
			isa = XCConfigurationList;
			buildConfigurations = (
				2F9132DE2904F31A00C45B4A /* Debug */,
				2F9132DF2904F31A00C45B4A /* Release */,
			);
			defaultConfigurationIsVisible = 0;
			defaultConfigurationName = Release;
		};
/* End XCConfigurationList section */
	};
	rootObject = 2F9132C72904F31900C45B4A /* Project object */;
}
